// !$*UTF8*$!
{
	archiveVersion = 1;
	classes = {
	};
	objectVersion = 56;
	objects = {

/* Begin PBXBuildFile section */
		5FE9C2A12C9AFC9A00DAB8B3 /* MainView.swift in Sources */ = {isa = PBXBuildFile; fileRef = 5FE9C2A02C9AFC9A00DAB8B3 /* MainView.swift */; };
		5FEC61092C9AF8B300997390 /* b3devgr2App.swift in Sources */ = {isa = PBXBuildFile; fileRef = 5FEC61082C9AF8B300997390 /* b3devgr2App.swift */; };
		5FEC610B2C9AF8B300997390 /* ContentView.swift in Sources */ = {isa = PBXBuildFile; fileRef = 5FEC610A2C9AF8B300997390 /* ContentView.swift */; };
		5FEC610D2C9AF8B400997390 /* Assets.xcassets in Resources */ = {isa = PBXBuildFile; fileRef = 5FEC610C2C9AF8B400997390 /* Assets.xcassets */; };
		5FEC61112C9AF8B400997390 /* Preview Assets.xcassets in Resources */ = {isa = PBXBuildFile; fileRef = 5FEC61102C9AF8B400997390 /* Preview Assets.xcassets */; };
		5FEC611B2C9AF8B500997390 /* b3devgr2Tests.swift in Sources */ = {isa = PBXBuildFile; fileRef = 5FEC611A2C9AF8B500997390 /* b3devgr2Tests.swift */; };
		5FEC61252C9AF8B500997390 /* b3devgr2UITests.swift in Sources */ = {isa = PBXBuildFile; fileRef = 5FEC61242C9AF8B500997390 /* b3devgr2UITests.swift */; };
		5FEC61272C9AF8B500997390 /* b3devgr2UITestsLaunchTests.swift in Sources */ = {isa = PBXBuildFile; fileRef = 5FEC61262C9AF8B500997390 /* b3devgr2UITestsLaunchTests.swift */; };
/* End PBXBuildFile section */

/* Begin PBXContainerItemProxy section */
		5FEC61172C9AF8B500997390 /* PBXContainerItemProxy */ = {
			isa = PBXContainerItemProxy;
			containerPortal = 5FEC60FD2C9AF8B300997390 /* Project object */;
			proxyType = 1;
			remoteGlobalIDString = 5FEC61042C9AF8B300997390;
			remoteInfo = b3devgr2;
		};
		5FEC61212C9AF8B500997390 /* PBXContainerItemProxy */ = {
			isa = PBXContainerItemProxy;
			containerPortal = 5FEC60FD2C9AF8B300997390 /* Project object */;
			proxyType = 1;
			remoteGlobalIDString = 5FEC61042C9AF8B300997390;
			remoteInfo = b3devgr2;
		};
/* End PBXContainerItemProxy section */

/* Begin PBXFileReference section */
		5FE9C2A02C9AFC9A00DAB8B3 /* MainView.swift */ = {isa = PBXFileReference; lastKnownFileType = sourcecode.swift; path = MainView.swift; sourceTree = "<group>"; };
		5FEC61052C9AF8B300997390 /* b3devgr2.app */ = {isa = PBXFileReference; explicitFileType = wrapper.application; includeInIndex = 0; path = b3devgr2.app; sourceTree = BUILT_PRODUCTS_DIR; };
		5FEC61082C9AF8B300997390 /* b3devgr2App.swift */ = {isa = PBXFileReference; lastKnownFileType = sourcecode.swift; path = b3devgr2App.swift; sourceTree = "<group>"; };
		5FEC610A2C9AF8B300997390 /* ContentView.swift */ = {isa = PBXFileReference; lastKnownFileType = sourcecode.swift; path = ContentView.swift; sourceTree = "<group>"; };
		5FEC610C2C9AF8B400997390 /* Assets.xcassets */ = {isa = PBXFileReference; lastKnownFileType = folder.assetcatalog; path = Assets.xcassets; sourceTree = "<group>"; };
		5FEC610E2C9AF8B400997390 /* b3devgr2.entitlements */ = {isa = PBXFileReference; lastKnownFileType = text.plist.entitlements; path = b3devgr2.entitlements; sourceTree = "<group>"; };
		5FEC61102C9AF8B400997390 /* Preview Assets.xcassets */ = {isa = PBXFileReference; lastKnownFileType = folder.assetcatalog; path = "Preview Assets.xcassets"; sourceTree = "<group>"; };
		5FEC61162C9AF8B500997390 /* b3devgr2Tests.xctest */ = {isa = PBXFileReference; explicitFileType = wrapper.cfbundle; includeInIndex = 0; path = b3devgr2Tests.xctest; sourceTree = BUILT_PRODUCTS_DIR; };
		5FEC611A2C9AF8B500997390 /* b3devgr2Tests.swift */ = {isa = PBXFileReference; lastKnownFileType = sourcecode.swift; path = b3devgr2Tests.swift; sourceTree = "<group>"; };
		5FEC61202C9AF8B500997390 /* b3devgr2UITests.xctest */ = {isa = PBXFileReference; explicitFileType = wrapper.cfbundle; includeInIndex = 0; path = b3devgr2UITests.xctest; sourceTree = BUILT_PRODUCTS_DIR; };
		5FEC61242C9AF8B500997390 /* b3devgr2UITests.swift */ = {isa = PBXFileReference; lastKnownFileType = sourcecode.swift; path = b3devgr2UITests.swift; sourceTree = "<group>"; };
		5FEC61262C9AF8B500997390 /* b3devgr2UITestsLaunchTests.swift */ = {isa = PBXFileReference; lastKnownFileType = sourcecode.swift; path = b3devgr2UITestsLaunchTests.swift; sourceTree = "<group>"; };
/* End PBXFileReference section */

/* Begin PBXFrameworksBuildPhase section */
		5FEC61022C9AF8B300997390 /* Frameworks */ = {
			isa = PBXFrameworksBuildPhase;
			buildActionMask = 2147483647;
			files = (
			);
			runOnlyForDeploymentPostprocessing = 0;
		};
		5FEC61132C9AF8B500997390 /* Frameworks */ = {
			isa = PBXFrameworksBuildPhase;
			buildActionMask = 2147483647;
			files = (
			);
			runOnlyForDeploymentPostprocessing = 0;
		};
		5FEC611D2C9AF8B500997390 /* Frameworks */ = {
			isa = PBXFrameworksBuildPhase;
			buildActionMask = 2147483647;
			files = (
			);
			runOnlyForDeploymentPostprocessing = 0;
		};
/* End PBXFrameworksBuildPhase section */

/* Begin PBXGroup section */
		5FEC60FC2C9AF8B300997390 = {
			isa = PBXGroup;
			children = (
				5FEC61072C9AF8B300997390 /* b3devgr2 */,
				5FEC61192C9AF8B500997390 /* b3devgr2Tests */,
				5FEC61232C9AF8B500997390 /* b3devgr2UITests */,
				5FEC61062C9AF8B300997390 /* Products */,
			);
			sourceTree = "<group>";
		};
		5FEC61062C9AF8B300997390 /* Products */ = {
			isa = PBXGroup;
			children = (
				5FEC61052C9AF8B300997390 /* b3devgr2.app */,
				5FEC61162C9AF8B500997390 /* b3devgr2Tests.xctest */,
				5FEC61202C9AF8B500997390 /* b3devgr2UITests.xctest */,
			);
			name = Products;
			sourceTree = "<group>";
		};
		5FEC61072C9AF8B300997390 /* b3devgr2 */ = {
			isa = PBXGroup;
			children = (
				5FEC61082C9AF8B300997390 /* b3devgr2App.swift */,
				5FEC610A2C9AF8B300997390 /* ContentView.swift */,
				5FEC610C2C9AF8B400997390 /* Assets.xcassets */,
				5FEC610E2C9AF8B400997390 /* b3devgr2.entitlements */,
				5FEC610F2C9AF8B400997390 /* Preview Content */,
				5FE9C2A02C9AFC9A00DAB8B3 /* MainView.swift */,
			);
			path = b3devgr2;
			sourceTree = "<group>";
		};
		5FEC610F2C9AF8B400997390 /* Preview Content */ = {
			isa = PBXGroup;
			children = (
				5FEC61102C9AF8B400997390 /* Preview Assets.xcassets */,
			);
			path = "Preview Content";
			sourceTree = "<group>";
		};
		5FEC61192C9AF8B500997390 /* b3devgr2Tests */ = {
			isa = PBXGroup;
			children = (
				5FEC611A2C9AF8B500997390 /* b3devgr2Tests.swift */,
			);
			path = b3devgr2Tests;
			sourceTree = "<group>";
		};
		5FEC61232C9AF8B500997390 /* b3devgr2UITests */ = {
			isa = PBXGroup;
			children = (
				5FEC61242C9AF8B500997390 /* b3devgr2UITests.swift */,
				5FEC61262C9AF8B500997390 /* b3devgr2UITestsLaunchTests.swift */,
			);
			path = b3devgr2UITests;
			sourceTree = "<group>";
		};
/* End PBXGroup section */

/* Begin PBXNativeTarget section */
		5FEC61042C9AF8B300997390 /* b3devgr2 */ = {
			isa = PBXNativeTarget;
			buildConfigurationList = 5FEC612A2C9AF8B500997390 /* Build configuration list for PBXNativeTarget "b3devgr2" */;
			buildPhases = (
				5FEC61012C9AF8B300997390 /* Sources */,
				5FEC61022C9AF8B300997390 /* Frameworks */,
				5FEC61032C9AF8B300997390 /* Resources */,
			);
			buildRules = (
			);
			dependencies = (
			);
			name = b3devgr2;
			productName = b3devgr2;
			productReference = 5FEC61052C9AF8B300997390 /* b3devgr2.app */;
			productType = "com.apple.product-type.application";
		};
		5FEC61152C9AF8B500997390 /* b3devgr2Tests */ = {
			isa = PBXNativeTarget;
			buildConfigurationList = 5FEC612D2C9AF8B500997390 /* Build configuration list for PBXNativeTarget "b3devgr2Tests" */;
			buildPhases = (
				5FEC61122C9AF8B500997390 /* Sources */,
				5FEC61132C9AF8B500997390 /* Frameworks */,
				5FEC61142C9AF8B500997390 /* Resources */,
			);
			buildRules = (
			);
			dependencies = (
				5FEC61182C9AF8B500997390 /* PBXTargetDependency */,
			);
			name = b3devgr2Tests;
			productName = b3devgr2Tests;
			productReference = 5FEC61162C9AF8B500997390 /* b3devgr2Tests.xctest */;
			productType = "com.apple.product-type.bundle.unit-test";
		};
		5FEC611F2C9AF8B500997390 /* b3devgr2UITests */ = {
			isa = PBXNativeTarget;
			buildConfigurationList = 5FEC61302C9AF8B500997390 /* Build configuration list for PBXNativeTarget "b3devgr2UITests" */;
			buildPhases = (
				5FEC611C2C9AF8B500997390 /* Sources */,
				5FEC611D2C9AF8B500997390 /* Frameworks */,
				5FEC611E2C9AF8B500997390 /* Resources */,
			);
			buildRules = (
			);
			dependencies = (
				5FEC61222C9AF8B500997390 /* PBXTargetDependency */,
			);
			name = b3devgr2UITests;
			productName = b3devgr2UITests;
			productReference = 5FEC61202C9AF8B500997390 /* b3devgr2UITests.xctest */;
			productType = "com.apple.product-type.bundle.ui-testing";
		};
/* End PBXNativeTarget section */

/* Begin PBXProject section */
		5FEC60FD2C9AF8B300997390 /* Project object */ = {
			isa = PBXProject;
			attributes = {
				BuildIndependentTargetsInParallel = 1;
				LastSwiftUpdateCheck = 1540;
				LastUpgradeCheck = 1540;
				TargetAttributes = {
					5FEC61042C9AF8B300997390 = {
						CreatedOnToolsVersion = 15.4;
					};
					5FEC61152C9AF8B500997390 = {
						CreatedOnToolsVersion = 15.4;
						TestTargetID = 5FEC61042C9AF8B300997390;
					};
					5FEC611F2C9AF8B500997390 = {
						CreatedOnToolsVersion = 15.4;
						TestTargetID = 5FEC61042C9AF8B300997390;
					};
				};
			};
			buildConfigurationList = 5FEC61002C9AF8B300997390 /* Build configuration list for PBXProject "b3devgr2" */;
			compatibilityVersion = "Xcode 14.0";
			developmentRegion = en;
			hasScannedForEncodings = 0;
			knownRegions = (
				en,
				Base,
			);
			mainGroup = 5FEC60FC2C9AF8B300997390;
			productRefGroup = 5FEC61062C9AF8B300997390 /* Products */;
			projectDirPath = "";
			projectRoot = "";
			targets = (
				5FEC61042C9AF8B300997390 /* b3devgr2 */,
				5FEC61152C9AF8B500997390 /* b3devgr2Tests */,
				5FEC611F2C9AF8B500997390 /* b3devgr2UITests */,
			);
		};
/* End PBXProject section */

/* Begin PBXResourcesBuildPhase section */
		5FEC61032C9AF8B300997390 /* Resources */ = {
			isa = PBXResourcesBuildPhase;
			buildActionMask = 2147483647;
			files = (
				5FEC61112C9AF8B400997390 /* Preview Assets.xcassets in Resources */,
				5FEC610D2C9AF8B400997390 /* Assets.xcassets in Resources */,
			);
			runOnlyForDeploymentPostprocessing = 0;
		};
		5FEC61142C9AF8B500997390 /* Resources */ = {
			isa = PBXResourcesBuildPhase;
			buildActionMask = 2147483647;
			files = (
			);
			runOnlyForDeploymentPostprocessing = 0;
		};
		5FEC611E2C9AF8B500997390 /* Resources */ = {
			isa = PBXResourcesBuildPhase;
			buildActionMask = 2147483647;
			files = (
			);
			runOnlyForDeploymentPostprocessing = 0;
		};
/* End PBXResourcesBuildPhase section */

/* Begin PBXSourcesBuildPhase section */
		5FEC61012C9AF8B300997390 /* Sources */ = {
			isa = PBXSourcesBuildPhase;
			buildActionMask = 2147483647;
			files = (
				5FEC610B2C9AF8B300997390 /* ContentView.swift in Sources */,
				5FE9C2A12C9AFC9A00DAB8B3 /* MainView.swift in Sources */,
				5FEC61092C9AF8B300997390 /* b3devgr2App.swift in Sources */,
			);
			runOnlyForDeploymentPostprocessing = 0;
		};
		5FEC61122C9AF8B500997390 /* Sources */ = {
			isa = PBXSourcesBuildPhase;
			buildActionMask = 2147483647;
			files = (
				5FEC611B2C9AF8B500997390 /* b3devgr2Tests.swift in Sources */,
			);
			runOnlyForDeploymentPostprocessing = 0;
		};
		5FEC611C2C9AF8B500997390 /* Sources */ = {
			isa = PBXSourcesBuildPhase;
			buildActionMask = 2147483647;
			files = (
				5FEC61272C9AF8B500997390 /* b3devgr2UITestsLaunchTests.swift in Sources */,
				5FEC61252C9AF8B500997390 /* b3devgr2UITests.swift in Sources */,
			);
			runOnlyForDeploymentPostprocessing = 0;
		};
/* End PBXSourcesBuildPhase section */

/* Begin PBXTargetDependency section */
		5FEC61182C9AF8B500997390 /* PBXTargetDependency */ = {
			isa = PBXTargetDependency;
			target = 5FEC61042C9AF8B300997390 /* b3devgr2 */;
			targetProxy = 5FEC61172C9AF8B500997390 /* PBXContainerItemProxy */;
		};
		5FEC61222C9AF8B500997390 /* PBXTargetDependency */ = {
			isa = PBXTargetDependency;
			target = 5FEC61042C9AF8B300997390 /* b3devgr2 */;
			targetProxy = 5FEC61212C9AF8B500997390 /* PBXContainerItemProxy */;
		};
/* End PBXTargetDependency section */

/* Begin XCBuildConfiguration section */
		5FEC61282C9AF8B500997390 /* Debug */ = {
			isa = XCBuildConfiguration;
			buildSettings = {
				ALWAYS_SEARCH_USER_PATHS = NO;
				ASSETCATALOG_COMPILER_GENERATE_SWIFT_ASSET_SYMBOL_EXTENSIONS = YES;
				CLANG_ANALYZER_NONNULL = YES;
				CLANG_ANALYZER_NUMBER_OBJECT_CONVERSION = YES_AGGRESSIVE;
				CLANG_CXX_LANGUAGE_STANDARD = "gnu++20";
				CLANG_ENABLE_MODULES = YES;
				CLANG_ENABLE_OBJC_ARC = YES;
				CLANG_ENABLE_OBJC_WEAK = YES;
				CLANG_WARN_BLOCK_CAPTURE_AUTORELEASING = YES;
				CLANG_WARN_BOOL_CONVERSION = YES;
				CLANG_WARN_COMMA = YES;
				CLANG_WARN_CONSTANT_CONVERSION = YES;
				CLANG_WARN_DEPRECATED_OBJC_IMPLEMENTATIONS = YES;
				CLANG_WARN_DIRECT_OBJC_ISA_USAGE = YES_ERROR;
				CLANG_WARN_DOCUMENTATION_COMMENTS = YES;
				CLANG_WARN_EMPTY_BODY = YES;
				CLANG_WARN_ENUM_CONVERSION = YES;
				CLANG_WARN_INFINITE_RECURSION = YES;
				CLANG_WARN_INT_CONVERSION = YES;
				CLANG_WARN_NON_LITERAL_NULL_CONVERSION = YES;
				CLANG_WARN_OBJC_IMPLICIT_RETAIN_SELF = YES;
				CLANG_WARN_OBJC_LITERAL_CONVERSION = YES;
				CLANG_WARN_OBJC_ROOT_CLASS = YES_ERROR;
				CLANG_WARN_QUOTED_INCLUDE_IN_FRAMEWORK_HEADER = YES;
				CLANG_WARN_RANGE_LOOP_ANALYSIS = YES;
				CLANG_WARN_STRICT_PROTOTYPES = YES;
				CLANG_WARN_SUSPICIOUS_MOVE = YES;
				CLANG_WARN_UNGUARDED_AVAILABILITY = YES_AGGRESSIVE;
				CLANG_WARN_UNREACHABLE_CODE = YES;
				CLANG_WARN__DUPLICATE_METHOD_MATCH = YES;
				COPY_PHASE_STRIP = NO;
				DEBUG_INFORMATION_FORMAT = dwarf;
				ENABLE_STRICT_OBJC_MSGSEND = YES;
				ENABLE_TESTABILITY = YES;
				ENABLE_USER_SCRIPT_SANDBOXING = YES;
				GCC_C_LANGUAGE_STANDARD = gnu17;
				GCC_DYNAMIC_NO_PIC = NO;
				GCC_NO_COMMON_BLOCKS = YES;
				GCC_OPTIMIZATION_LEVEL = 0;
				GCC_PREPROCESSOR_DEFINITIONS = (
					"DEBUG=1",
					"$(inherited)",
				);
				GCC_WARN_64_TO_32_BIT_CONVERSION = YES;
				GCC_WARN_ABOUT_RETURN_TYPE = YES_ERROR;
				GCC_WARN_UNDECLARED_SELECTOR = YES;
				GCC_WARN_UNINITIALIZED_AUTOS = YES_AGGRESSIVE;
				GCC_WARN_UNUSED_FUNCTION = YES;
				GCC_WARN_UNUSED_VARIABLE = YES;
				LOCALIZATION_PREFERS_STRING_CATALOGS = YES;
				MTL_ENABLE_DEBUG_INFO = INCLUDE_SOURCE;
				MTL_FAST_MATH = YES;
				ONLY_ACTIVE_ARCH = YES;
				SWIFT_ACTIVE_COMPILATION_CONDITIONS = "DEBUG $(inherited)";
				SWIFT_OPTIMIZATION_LEVEL = "-Onone";
			};
			name = Debug;
		};
		5FEC61292C9AF8B500997390 /* Release */ = {
			isa = XCBuildConfiguration;
			buildSettings = {
				ALWAYS_SEARCH_USER_PATHS = NO;
				ASSETCATALOG_COMPILER_GENERATE_SWIFT_ASSET_SYMBOL_EXTENSIONS = YES;
				CLANG_ANALYZER_NONNULL = YES;
				CLANG_ANALYZER_NUMBER_OBJECT_CONVERSION = YES_AGGRESSIVE;
				CLANG_CXX_LANGUAGE_STANDARD = "gnu++20";
				CLANG_ENABLE_MODULES = YES;
				CLANG_ENABLE_OBJC_ARC = YES;
				CLANG_ENABLE_OBJC_WEAK = YES;
				CLANG_WARN_BLOCK_CAPTURE_AUTORELEASING = YES;
				CLANG_WARN_BOOL_CONVERSION = YES;
				CLANG_WARN_COMMA = YES;
				CLANG_WARN_CONSTANT_CONVERSION = YES;
				CLANG_WARN_DEPRECATED_OBJC_IMPLEMENTATIONS = YES;
				CLANG_WARN_DIRECT_OBJC_ISA_USAGE = YES_ERROR;
				CLANG_WARN_DOCUMENTATION_COMMENTS = YES;
				CLANG_WARN_EMPTY_BODY = YES;
				CLANG_WARN_ENUM_CONVERSION = YES;
				CLANG_WARN_INFINITE_RECURSION = YES;
				CLANG_WARN_INT_CONVERSION = YES;
				CLANG_WARN_NON_LITERAL_NULL_CONVERSION = YES;
				CLANG_WARN_OBJC_IMPLICIT_RETAIN_SELF = YES;
				CLANG_WARN_OBJC_LITERAL_CONVERSION = YES;
				CLANG_WARN_OBJC_ROOT_CLASS = YES_ERROR;
				CLANG_WARN_QUOTED_INCLUDE_IN_FRAMEWORK_HEADER = YES;
				CLANG_WARN_RANGE_LOOP_ANALYSIS = YES;
				CLANG_WARN_STRICT_PROTOTYPES = YES;
				CLANG_WARN_SUSPICIOUS_MOVE = YES;
				CLANG_WARN_UNGUARDED_AVAILABILITY = YES_AGGRESSIVE;
				CLANG_WARN_UNREACHABLE_CODE = YES;
				CLANG_WARN__DUPLICATE_METHOD_MATCH = YES;
				COPY_PHASE_STRIP = NO;
				DEBUG_INFORMATION_FORMAT = "dwarf-with-dsym";
				ENABLE_NS_ASSERTIONS = NO;
				ENABLE_STRICT_OBJC_MSGSEND = YES;
				ENABLE_USER_SCRIPT_SANDBOXING = YES;
				GCC_C_LANGUAGE_STANDARD = gnu17;
				GCC_NO_COMMON_BLOCKS = YES;
				GCC_WARN_64_TO_32_BIT_CONVERSION = YES;
				GCC_WARN_ABOUT_RETURN_TYPE = YES_ERROR;
				GCC_WARN_UNDECLARED_SELECTOR = YES;
				GCC_WARN_UNINITIALIZED_AUTOS = YES_AGGRESSIVE;
				GCC_WARN_UNUSED_FUNCTION = YES;
				GCC_WARN_UNUSED_VARIABLE = YES;
				LOCALIZATION_PREFERS_STRING_CATALOGS = YES;
				MTL_ENABLE_DEBUG_INFO = NO;
				MTL_FAST_MATH = YES;
				SWIFT_COMPILATION_MODE = wholemodule;
			};
			name = Release;
		};
		5FEC612B2C9AF8B500997390 /* Debug */ = {
			isa = XCBuildConfiguration;
			buildSettings = {
				ASSETCATALOG_COMPILER_APPICON_NAME = AppIcon;
				ASSETCATALOG_COMPILER_GLOBAL_ACCENT_COLOR_NAME = AccentColor;
				CODE_SIGN_ENTITLEMENTS = b3devgr2/b3devgr2.entitlements;
				CODE_SIGN_STYLE = Automatic;
				CURRENT_PROJECT_VERSION = 1;
				DEVELOPMENT_ASSET_PATHS = "\"b3devgr2/Preview Content\"";
				DEVELOPMENT_TEAM = AYQKWKQJL2;
				ENABLE_HARDENED_RUNTIME = YES;
				ENABLE_PREVIEWS = YES;
				GENERATE_INFOPLIST_FILE = YES;
				"INFOPLIST_KEY_UIApplicationSceneManifest_Generation[sdk=iphoneos*]" = YES;
				"INFOPLIST_KEY_UIApplicationSceneManifest_Generation[sdk=iphonesimulator*]" = YES;
				"INFOPLIST_KEY_UIApplicationSupportsIndirectInputEvents[sdk=iphoneos*]" = YES;
				"INFOPLIST_KEY_UIApplicationSupportsIndirectInputEvents[sdk=iphonesimulator*]" = YES;
				"INFOPLIST_KEY_UILaunchScreen_Generation[sdk=iphoneos*]" = YES;
				"INFOPLIST_KEY_UILaunchScreen_Generation[sdk=iphonesimulator*]" = YES;
				"INFOPLIST_KEY_UIStatusBarStyle[sdk=iphoneos*]" = UIStatusBarStyleDefault;
				"INFOPLIST_KEY_UIStatusBarStyle[sdk=iphonesimulator*]" = UIStatusBarStyleDefault;
				INFOPLIST_KEY_UISupportedInterfaceOrientations_iPad = "UIInterfaceOrientationPortrait UIInterfaceOrientationPortraitUpsideDown UIInterfaceOrientationLandscapeLeft UIInterfaceOrientationLandscapeRight";
				INFOPLIST_KEY_UISupportedInterfaceOrientations_iPhone = "UIInterfaceOrientationPortrait UIInterfaceOrientationLandscapeLeft UIInterfaceOrientationLandscapeRight";
				IPHONEOS_DEPLOYMENT_TARGET = 17.5;
				LD_RUNPATH_SEARCH_PATHS = "@executable_path/Frameworks";
				"LD_RUNPATH_SEARCH_PATHS[sdk=macosx*]" = "@executable_path/../Frameworks";
				MACOSX_DEPLOYMENT_TARGET = 14.5;
				MARKETING_VERSION = 1.0;
				PRODUCT_BUNDLE_IDENTIFIER = com.lightphoenix.b3devgr2;
				PRODUCT_NAME = "$(TARGET_NAME)";
				SDKROOT = auto;
				SUPPORTED_PLATFORMS = "iphoneos iphonesimulator macosx";
				SWIFT_EMIT_LOC_STRINGS = YES;
				SWIFT_VERSION = 5.0;
				TARGETED_DEVICE_FAMILY = "1,2";
			};
			name = Debug;
		};
		5FEC612C2C9AF8B500997390 /* Release */ = {
			isa = XCBuildConfiguration;
			buildSettings = {
				ASSETCATALOG_COMPILER_APPICON_NAME = AppIcon;
				ASSETCATALOG_COMPILER_GLOBAL_ACCENT_COLOR_NAME = AccentColor;
				CODE_SIGN_ENTITLEMENTS = b3devgr2/b3devgr2.entitlements;
				CODE_SIGN_STYLE = Automatic;
				CURRENT_PROJECT_VERSION = 1;
				DEVELOPMENT_ASSET_PATHS = "\"b3devgr2/Preview Content\"";
				DEVELOPMENT_TEAM = AYQKWKQJL2;
				ENABLE_HARDENED_RUNTIME = YES;
				ENABLE_PREVIEWS = YES;
				GENERATE_INFOPLIST_FILE = YES;
				"INFOPLIST_KEY_UIApplicationSceneManifest_Generation[sdk=iphoneos*]" = YES;
				"INFOPLIST_KEY_UIApplicationSceneManifest_Generation[sdk=iphonesimulator*]" = YES;
				"INFOPLIST_KEY_UIApplicationSupportsIndirectInputEvents[sdk=iphoneos*]" = YES;
				"INFOPLIST_KEY_UIApplicationSupportsIndirectInputEvents[sdk=iphonesimulator*]" = YES;
				"INFOPLIST_KEY_UILaunchScreen_Generation[sdk=iphoneos*]" = YES;
				"INFOPLIST_KEY_UILaunchScreen_Generation[sdk=iphonesimulator*]" = YES;
				"INFOPLIST_KEY_UIStatusBarStyle[sdk=iphoneos*]" = UIStatusBarStyleDefault;
				"INFOPLIST_KEY_UIStatusBarStyle[sdk=iphonesimulator*]" = UIStatusBarStyleDefault;
				INFOPLIST_KEY_UISupportedInterfaceOrientations_iPad = "UIInterfaceOrientationPortrait UIInterfaceOrientationPortraitUpsideDown UIInterfaceOrientationLandscapeLeft UIInterfaceOrientationLandscapeRight";
				INFOPLIST_KEY_UISupportedInterfaceOrientations_iPhone = "UIInterfaceOrientationPortrait UIInterfaceOrientationLandscapeLeft UIInterfaceOrientationLandscapeRight";
				IPHONEOS_DEPLOYMENT_TARGET = 17.5;
				LD_RUNPATH_SEARCH_PATHS = "@executable_path/Frameworks";
				"LD_RUNPATH_SEARCH_PATHS[sdk=macosx*]" = "@executable_path/../Frameworks";
				MACOSX_DEPLOYMENT_TARGET = 14.5;
				MARKETING_VERSION = 1.0;
				PRODUCT_BUNDLE_IDENTIFIER = com.lightphoenix.b3devgr2;
				PRODUCT_NAME = "$(TARGET_NAME)";
				SDKROOT = auto;
				SUPPORTED_PLATFORMS = "iphoneos iphonesimulator macosx";
				SWIFT_EMIT_LOC_STRINGS = YES;
				SWIFT_VERSION = 5.0;
				TARGETED_DEVICE_FAMILY = "1,2";
			};
			name = Release;
		};
		5FEC612E2C9AF8B500997390 /* Debug */ = {
			isa = XCBuildConfiguration;
			buildSettings = {
				ALWAYS_EMBED_SWIFT_STANDARD_LIBRARIES = YES;
				BUNDLE_LOADER = "$(TEST_HOST)";
				CODE_SIGN_STYLE = Automatic;
				CURRENT_PROJECT_VERSION = 1;
				DEVELOPMENT_TEAM = AYQKWKQJL2;
				GENERATE_INFOPLIST_FILE = YES;
				IPHONEOS_DEPLOYMENT_TARGET = 17.5;
				MACOSX_DEPLOYMENT_TARGET = 14.5;
				MARKETING_VERSION = 1.0;
				PRODUCT_BUNDLE_IDENTIFIER = com.lightphoenix.b3devgr2Tests;
				PRODUCT_NAME = "$(TARGET_NAME)";
				SDKROOT = auto;
				SUPPORTED_PLATFORMS = "iphoneos iphonesimulator macosx";
				SWIFT_EMIT_LOC_STRINGS = NO;
				SWIFT_VERSION = 5.0;
				TARGETED_DEVICE_FAMILY = "1,2";
				TEST_HOST = "$(BUILT_PRODUCTS_DIR)/b3devgr2.app/$(BUNDLE_EXECUTABLE_FOLDER_PATH)/b3devgr2";
			};
			name = Debug;
		};
		5FEC612F2C9AF8B500997390 /* Release */ = {
			isa = XCBuildConfiguration;
			buildSettings = {
				ALWAYS_EMBED_SWIFT_STANDARD_LIBRARIES = YES;
				BUNDLE_LOADER = "$(TEST_HOST)";
				CODE_SIGN_STYLE = Automatic;
				CURRENT_PROJECT_VERSION = 1;
				DEVELOPMENT_TEAM = AYQKWKQJL2;
				GENERATE_INFOPLIST_FILE = YES;
				IPHONEOS_DEPLOYMENT_TARGET = 17.5;
				MACOSX_DEPLOYMENT_TARGET = 14.5;
				MARKETING_VERSION = 1.0;
				PRODUCT_BUNDLE_IDENTIFIER = com.lightphoenix.b3devgr2Tests;
				PRODUCT_NAME = "$(TARGET_NAME)";
				SDKROOT = auto;
				SUPPORTED_PLATFORMS = "iphoneos iphonesimulator macosx";
				SWIFT_EMIT_LOC_STRINGS = NO;
				SWIFT_VERSION = 5.0;
				TARGETED_DEVICE_FAMILY = "1,2";
				TEST_HOST = "$(BUILT_PRODUCTS_DIR)/b3devgr2.app/$(BUNDLE_EXECUTABLE_FOLDER_PATH)/b3devgr2";
			};
			name = Release;
		};
		5FEC61312C9AF8B500997390 /* Debug */ = {
			isa = XCBuildConfiguration;
			buildSettings = {
				ALWAYS_EMBED_SWIFT_STANDARD_LIBRARIES = YES;
				CODE_SIGN_STYLE = Automatic;
				CURRENT_PROJECT_VERSION = 1;
				DEVELOPMENT_TEAM = AYQKWKQJL2;
				GENERATE_INFOPLIST_FILE = YES;
				IPHONEOS_DEPLOYMENT_TARGET = 17.5;
				MACOSX_DEPLOYMENT_TARGET = 14.5;
				MARKETING_VERSION = 1.0;
				PRODUCT_BUNDLE_IDENTIFIER = com.lightphoenix.b3devgr2UITests;
				PRODUCT_NAME = "$(TARGET_NAME)";
				SDKROOT = auto;
				SUPPORTED_PLATFORMS = "iphoneos iphonesimulator macosx";
				SWIFT_EMIT_LOC_STRINGS = NO;
				SWIFT_VERSION = 5.0;
				TARGETED_DEVICE_FAMILY = "1,2";
				TEST_TARGET_NAME = b3devgr2;
			};
			name = Debug;
		};
		5FEC61322C9AF8B500997390 /* Release */ = {
			isa = XCBuildConfiguration;
			buildSettings = {
				ALWAYS_EMBED_SWIFT_STANDARD_LIBRARIES = YES;
				CODE_SIGN_STYLE = Automatic;
				CURRENT_PROJECT_VERSION = 1;
				DEVELOPMENT_TEAM = AYQKWKQJL2;
				GENERATE_INFOPLIST_FILE = YES;
				IPHONEOS_DEPLOYMENT_TARGET = 17.5;
				MACOSX_DEPLOYMENT_TARGET = 14.5;
				MARKETING_VERSION = 1.0;
				PRODUCT_BUNDLE_IDENTIFIER = com.lightphoenix.b3devgr2UITests;
				PRODUCT_NAME = "$(TARGET_NAME)";
				SDKROOT = auto;
				SUPPORTED_PLATFORMS = "iphoneos iphonesimulator macosx";
				SWIFT_EMIT_LOC_STRINGS = NO;
				SWIFT_VERSION = 5.0;
				TARGETED_DEVICE_FAMILY = "1,2";
				TEST_TARGET_NAME = b3devgr2;
			};
			name = Release;
		};
/* End XCBuildConfiguration section */

/* Begin XCConfigurationList section */
		5FEC61002C9AF8B300997390 /* Build configuration list for PBXProject "b3devgr2" */ = {
			isa = XCConfigurationList;
			buildConfigurations = (
				5FEC61282C9AF8B500997390 /* Debug */,
				5FEC61292C9AF8B500997390 /* Release */,
			);
			defaultConfigurationIsVisible = 0;
			defaultConfigurationName = Release;
		};
		5FEC612A2C9AF8B500997390 /* Build configuration list for PBXNativeTarget "b3devgr2" */ = {
			isa = XCConfigurationList;
			buildConfigurations = (
				5FEC612B2C9AF8B500997390 /* Debug */,
				5FEC612C2C9AF8B500997390 /* Release */,
			);
			defaultConfigurationIsVisible = 0;
			defaultConfigurationName = Release;
		};
		5FEC612D2C9AF8B500997390 /* Build configuration list for PBXNativeTarget "b3devgr2Tests" */ = {
			isa = XCConfigurationList;
			buildConfigurations = (
				5FEC612E2C9AF8B500997390 /* Debug */,
				5FEC612F2C9AF8B500997390 /* Release */,
			);
			defaultConfigurationIsVisible = 0;
			defaultConfigurationName = Release;
		};
		5FEC61302C9AF8B500997390 /* Build configuration list for PBXNativeTarget "b3devgr2UITests" */ = {
			isa = XCConfigurationList;
			buildConfigurations = (
				5FEC61312C9AF8B500997390 /* Debug */,
				5FEC61322C9AF8B500997390 /* Release */,
			);
			defaultConfigurationIsVisible = 0;
			defaultConfigurationName = Release;
		};
/* End XCConfigurationList section */
	};
	rootObject = 5FEC60FD2C9AF8B300997390 /* Project object */;
}
